
Microsoft Visual Studio Solution File, Format Version 10.00
# Visual C# Express 2008
Project("{FAE04EC0-301F-11D3-BF4B-00C04F79EFBC}") = "udEmpPayHeadMaster", "udEmpPayHeadMaster\udEmpPayHeadMaster.csproj", "{2FE2A4AB-A0CE-466A-B6E3-223FF45CFDCA}"
EndProject
Global
	GlobalSection(SolutionConfigurationPlatforms) = preSolution
		Debug|Any CPU = Debug|Any CPU
		Release|Any CPU = Release|Any CPU
	EndGlobalSection
	GlobalSection(ProjectConfigurationPlatforms) = postSolution
		{2FE2A4AB-A0CE-466A-B6E3-223FF45CFDCA}.Debug|Any CPU.ActiveCfg = Debug|Any CPU
		{2FE2A4AB-A0CE-466A-B6E3-223FF45CFDCA}.Debug|Any CPU.Build.0 = Debug|Any CPU
		{2FE2A4AB-A0CE-466A-B6E3-223FF45CFDCA}.Release|Any CPU.ActiveCfg = Release|Any CPU
		{2FE2A4AB-A0CE-466A-B6E3-223FF45CFDCA}.Release|Any CPU.Build.0 = Release|Any CPU
	EndGlobalSection
	GlobalSection(SolutionProperties) = preSolution
		HideSolutionNode = FALSE
	EndGlobalSection
EndGlobal
