
Microsoft Visual Studio Solution File, Format Version 12.00
# Visual Studio 14
VisualStudioVersion = 14.0.23107.0
MinimumVisualStudioVersion = 10.0.40219.1
Project("{FAE04EC0-301F-11D3-BF4B-00C04F79EFBC}") = "DynamicMaster", "DynamicMaster.csproj", "{293BD2AC-A892-4A59-9276-347B050B79F3}"
EndProject
Project("{FAE04EC0-301F-11D3-BF4B-00C04F79EFBC}") = "DynamicFormClass", "..\DynamicFormClass\DynamicFormClass\DynamicFormClass.csproj", "{642A4477-13BB-4414-9818-13EE097FF38A}"
EndProject
Global
	GlobalSection(SolutionConfigurationPlatforms) = preSolution
		Debug|Any CPU = Debug|Any CPU
		Release|Any CPU = Release|Any CPU
	EndGlobalSection
	GlobalSection(ProjectConfigurationPlatforms) = postSolution
		{293BD2AC-A892-4A59-9276-347B050B79F3}.Debug|Any CPU.ActiveCfg = Debug|Any CPU
		{293BD2AC-A892-4A59-9276-347B050B79F3}.Debug|Any CPU.Build.0 = Debug|Any CPU
		{293BD2AC-A892-4A59-9276-347B050B79F3}.Release|Any CPU.ActiveCfg = Release|Any CPU
		{293BD2AC-A892-4A59-9276-347B050B79F3}.Release|Any CPU.Build.0 = Release|Any CPU
		{642A4477-13BB-4414-9818-13EE097FF38A}.Debug|Any CPU.ActiveCfg = Debug|Any CPU
		{642A4477-13BB-4414-9818-13EE097FF38A}.Debug|Any CPU.Build.0 = Debug|Any CPU
		{642A4477-13BB-4414-9818-13EE097FF38A}.Release|Any CPU.ActiveCfg = Release|Any CPU
		{642A4477-13BB-4414-9818-13EE097FF38A}.Release|Any CPU.Build.0 = Release|Any CPU
	EndGlobalSection
	GlobalSection(SolutionProperties) = preSolution
		HideSolutionNode = FALSE
	EndGlobalSection
EndGlobal
