
Microsoft Visual Studio Solution File, Format Version 10.00
# Visual Studio 2008
Project("{FAE04EC0-301F-11D3-BF4B-00C04F79EFBC}") = "DynamicMasterDesigner", "DynamicMasterDesigner\DynamicMasterDesigner.csproj", "{AD5B3A74-0B47-4F88-8000-7EAB0E175417}"
EndProject
Global
	GlobalSection(SolutionConfigurationPlatforms) = preSolution
		Debug|Any CPU = Debug|Any CPU
		Release|Any CPU = Release|Any CPU
	EndGlobalSection
	GlobalSection(ProjectConfigurationPlatforms) = postSolution
		{AD5B3A74-0B47-4F88-8000-7EAB0E175417}.Debug|Any CPU.ActiveCfg = Debug|Any CPU
		{AD5B3A74-0B47-4F88-8000-7EAB0E175417}.Debug|Any CPU.Build.0 = Debug|Any CPU
		{AD5B3A74-0B47-4F88-8000-7EAB0E175417}.Release|Any CPU.ActiveCfg = Release|Any CPU
		{AD5B3A74-0B47-4F88-8000-7EAB0E175417}.Release|Any CPU.Build.0 = Release|Any CPU
	EndGlobalSection
	GlobalSection(SolutionProperties) = preSolution
		HideSolutionNode = FALSE
	EndGlobalSection
EndGlobal
