
Microsoft Visual Studio Solution File, Format Version 10.00
# Visual Studio 2008
Project("{FAE04EC0-301F-11D3-BF4B-00C04F79EFBC}") = "udEmpDesigMaster", "udEmpDesigMaster\udEmpDesigMaster.csproj", "{6819F6B8-5A0F-4DC9-A30A-8751BC456C37}"
EndProject
Global
	GlobalSection(SolutionConfigurationPlatforms) = preSolution
		Debug|Any CPU = Debug|Any CPU
		Release|Any CPU = Release|Any CPU
	EndGlobalSection
	GlobalSection(ProjectConfigurationPlatforms) = postSolution
		{6819F6B8-5A0F-4DC9-A30A-8751BC456C37}.Debug|Any CPU.ActiveCfg = Debug|Any CPU
		{6819F6B8-5A0F-4DC9-A30A-8751BC456C37}.Debug|Any CPU.Build.0 = Debug|Any CPU
		{6819F6B8-5A0F-4DC9-A30A-8751BC456C37}.Release|Any CPU.ActiveCfg = Release|Any CPU
		{6819F6B8-5A0F-4DC9-A30A-8751BC456C37}.Release|Any CPU.Build.0 = Release|Any CPU
	EndGlobalSection
	GlobalSection(SolutionProperties) = preSolution
		HideSolutionNode = FALSE
	EndGlobalSection
EndGlobal
