
Microsoft Visual Studio Solution File, Format Version 9.00
# Visual Studio 2005
Project("{FAE04EC0-301F-11D3-BF4B-00C04F79EFBC}") = "Colonne", "Colonne\Colonne.csproj", "{A76F5527-0489-476B-A770-A0E744D02E30}"
EndProject
Project("{54435603-DBB4-11D2-8724-00A0C9A8B90C}") = "ColonneSetup", "ColonneSetup\ColonneSetup.vdproj", "{1C3AC4F3-CCC7-4EF5-B1E8-F35AC61ECB1B}"
EndProject
Global
	GlobalSection(SolutionConfigurationPlatforms) = preSolution
		Debug|Any CPU = Debug|Any CPU
		Release|Any CPU = Release|Any CPU
	EndGlobalSection
	GlobalSection(ProjectConfigurationPlatforms) = postSolution
		{A76F5527-0489-476B-A770-A0E744D02E30}.Debug|Any CPU.ActiveCfg = Debug|Any CPU
		{A76F5527-0489-476B-A770-A0E744D02E30}.Debug|Any CPU.Build.0 = Debug|Any CPU
		{A76F5527-0489-476B-A770-A0E744D02E30}.Release|Any CPU.ActiveCfg = Release|Any CPU
		{A76F5527-0489-476B-A770-A0E744D02E30}.Release|Any CPU.Build.0 = Release|Any CPU
		{1C3AC4F3-CCC7-4EF5-B1E8-F35AC61ECB1B}.Debug|Any CPU.ActiveCfg = Debug
		{1C3AC4F3-CCC7-4EF5-B1E8-F35AC61ECB1B}.Release|Any CPU.ActiveCfg = Release
	EndGlobalSection
	GlobalSection(SolutionProperties) = preSolution
		HideSolutionNode = FALSE
	EndGlobalSection
EndGlobal
