
Microsoft Visual Studio Solution File, Format Version 10.00
# Visual C# Express 2008
Project("{FAE04EC0-301F-11D3-BF4B-00C04F79EFBC}") = "udEmpLeaveMaintenance", "udEmpLeaveMaintenance\udEmpLeaveMaintenance.csproj", "{B01886D7-05A2-469E-B2AD-75BE9A4F7B0E}"
EndProject
Global
	GlobalSection(SolutionConfigurationPlatforms) = preSolution
		Debug|Any CPU = Debug|Any CPU
		Release|Any CPU = Release|Any CPU
	EndGlobalSection
	GlobalSection(ProjectConfigurationPlatforms) = postSolution
		{B01886D7-05A2-469E-B2AD-75BE9A4F7B0E}.Debug|Any CPU.ActiveCfg = Debug|Any CPU
		{B01886D7-05A2-469E-B2AD-75BE9A4F7B0E}.Debug|Any CPU.Build.0 = Debug|Any CPU
		{B01886D7-05A2-469E-B2AD-75BE9A4F7B0E}.Release|Any CPU.ActiveCfg = Release|Any CPU
		{B01886D7-05A2-469E-B2AD-75BE9A4F7B0E}.Release|Any CPU.Build.0 = Release|Any CPU
	EndGlobalSection
	GlobalSection(SolutionProperties) = preSolution
		HideSolutionNode = FALSE
	EndGlobalSection
EndGlobal
