
Microsoft Visual Studio Solution File, Format Version 10.00
# Visual C# Express 2008
Project("{FAE04EC0-301F-11D3-BF4B-00C04F79EFBC}") = "udclsDGVNumericColumn", "udclsDGVNumericColumn\udclsDGVNumericColumn.csproj", "{A91DF55E-5ED9-4328-8334-177BAD586C62}"
EndProject
Global
	GlobalSection(SolutionConfigurationPlatforms) = preSolution
		Debug|Any CPU = Debug|Any CPU
		Release|Any CPU = Release|Any CPU
	EndGlobalSection
	GlobalSection(ProjectConfigurationPlatforms) = postSolution
		{A91DF55E-5ED9-4328-8334-177BAD586C62}.Debug|Any CPU.ActiveCfg = Debug|Any CPU
		{A91DF55E-5ED9-4328-8334-177BAD586C62}.Debug|Any CPU.Build.0 = Debug|Any CPU
		{A91DF55E-5ED9-4328-8334-177BAD586C62}.Release|Any CPU.ActiveCfg = Release|Any CPU
		{A91DF55E-5ED9-4328-8334-177BAD586C62}.Release|Any CPU.Build.0 = Release|Any CPU
	EndGlobalSection
	GlobalSection(SolutionProperties) = preSolution
		HideSolutionNode = FALSE
	EndGlobalSection
EndGlobal
