
Microsoft Visual Studio Solution File, Format Version 12.00
# Visual Studio 2013
VisualStudioVersion = 12.0.31101.0
MinimumVisualStudioVersion = 10.0.40219.1
Project("{2150E333-8FDC-42A3-9474-1A3956D46DE8}") = "CustModAccUI.BLL", "CustModAccUI.BLL", "{8CAD5AC5-F54C-4E6D-B881-264260E96986}"
EndProject
Project("{2150E333-8FDC-42A3-9474-1A3956D46DE8}") = "CustModAccUI.DAL", "CustModAccUI.DAL", "{6FA6F977-4DFF-445A-9255-DE1237EBD73A}"
EndProject
Project("{2150E333-8FDC-42A3-9474-1A3956D46DE8}") = "CustModAccUI.UI", "CustModAccUI.UI", "{606DBA3A-1B89-4385-843B-FAFE81DE8840}"
EndProject
Project("{2150E333-8FDC-42A3-9474-1A3956D46DE8}") = "Setup", "Setup", "{B5559736-D040-466C-90D0-2972E6F824A6}"
EndProject
Project("{FAE04EC0-301F-11D3-BF4B-00C04F79EFBC}") = "CustModAccUI.BLL", "CustModAccUI.BLL\CustModAccUI.BLL.csproj", "{A03C3B93-E77D-4F16-9321-799637C66AB8}"
EndProject
Project("{FAE04EC0-301F-11D3-BF4B-00C04F79EFBC}") = "CustModAccUI.DAL", "CustModAccUI.DAL\CustModAccUI.DAL.csproj", "{38B4CFA6-D20F-4A68-AE4F-FF4151FCB327}"
EndProject
Project("{FAE04EC0-301F-11D3-BF4B-00C04F79EFBC}") = "CustModAccUI.UI", "CustModAccUI2.UI\CustModAccUI.UI.csproj", "{D91C3F8B-5991-4FFB-9F11-762B8EF7020F}"
EndProject
Project("{54435603-DBB4-11D2-8724-00A0C9A8B90C}") = "CustModAccUISetup", "CustModAccUISetup\CustModAccUISetup.vdproj", "{B39C4F50-D415-43AE-9B6E-DD9B65DFBB00}"
EndProject
Global
	GlobalSection(SolutionConfigurationPlatforms) = preSolution
		Debug|Any CPU = Debug|Any CPU
		Release|Any CPU = Release|Any CPU
	EndGlobalSection
	GlobalSection(ProjectConfigurationPlatforms) = postSolution
		{A03C3B93-E77D-4F16-9321-799637C66AB8}.Debug|Any CPU.ActiveCfg = Debug|Any CPU
		{A03C3B93-E77D-4F16-9321-799637C66AB8}.Debug|Any CPU.Build.0 = Debug|Any CPU
		{A03C3B93-E77D-4F16-9321-799637C66AB8}.Release|Any CPU.ActiveCfg = Release|Any CPU
		{A03C3B93-E77D-4F16-9321-799637C66AB8}.Release|Any CPU.Build.0 = Release|Any CPU
		{38B4CFA6-D20F-4A68-AE4F-FF4151FCB327}.Debug|Any CPU.ActiveCfg = Debug|Any CPU
		{38B4CFA6-D20F-4A68-AE4F-FF4151FCB327}.Debug|Any CPU.Build.0 = Debug|Any CPU
		{38B4CFA6-D20F-4A68-AE4F-FF4151FCB327}.Release|Any CPU.ActiveCfg = Release|Any CPU
		{38B4CFA6-D20F-4A68-AE4F-FF4151FCB327}.Release|Any CPU.Build.0 = Release|Any CPU
		{D91C3F8B-5991-4FFB-9F11-762B8EF7020F}.Debug|Any CPU.ActiveCfg = Debug|Any CPU
		{D91C3F8B-5991-4FFB-9F11-762B8EF7020F}.Debug|Any CPU.Build.0 = Debug|Any CPU
		{D91C3F8B-5991-4FFB-9F11-762B8EF7020F}.Release|Any CPU.ActiveCfg = Release|Any CPU
		{D91C3F8B-5991-4FFB-9F11-762B8EF7020F}.Release|Any CPU.Build.0 = Release|Any CPU
		{B39C4F50-D415-43AE-9B6E-DD9B65DFBB00}.Debug|Any CPU.ActiveCfg = Debug
		{B39C4F50-D415-43AE-9B6E-DD9B65DFBB00}.Release|Any CPU.ActiveCfg = Release
	EndGlobalSection
	GlobalSection(SolutionProperties) = preSolution
		HideSolutionNode = FALSE
	EndGlobalSection
	GlobalSection(NestedProjects) = preSolution
		{A03C3B93-E77D-4F16-9321-799637C66AB8} = {8CAD5AC5-F54C-4E6D-B881-264260E96986}
		{38B4CFA6-D20F-4A68-AE4F-FF4151FCB327} = {6FA6F977-4DFF-445A-9255-DE1237EBD73A}
		{D91C3F8B-5991-4FFB-9F11-762B8EF7020F} = {606DBA3A-1B89-4385-843B-FAFE81DE8840}
		{B39C4F50-D415-43AE-9B6E-DD9B65DFBB00} = {B5559736-D040-466C-90D0-2972E6F824A6}
	EndGlobalSection
EndGlobal
