
Microsoft Visual Studio Solution File, Format Version 10.00
# Visual Studio 2008
Project("{FAE04EC0-301F-11D3-BF4B-00C04F79EFBC}") = "ueTblFields", "ueTblFields\ueTblFields.csproj", "{993F253F-F86C-49E1-B39B-597E88EE0C65}"
EndProject
Global
	GlobalSection(SolutionConfigurationPlatforms) = preSolution
		Debug|Any CPU = Debug|Any CPU
		Release|Any CPU = Release|Any CPU
	EndGlobalSection
	GlobalSection(ProjectConfigurationPlatforms) = postSolution
		{993F253F-F86C-49E1-B39B-597E88EE0C65}.Debug|Any CPU.ActiveCfg = Debug|Any CPU
		{993F253F-F86C-49E1-B39B-597E88EE0C65}.Debug|Any CPU.Build.0 = Debug|Any CPU
		{993F253F-F86C-49E1-B39B-597E88EE0C65}.Release|Any CPU.ActiveCfg = Release|Any CPU
		{993F253F-F86C-49E1-B39B-597E88EE0C65}.Release|Any CPU.Build.0 = Release|Any CPU
	EndGlobalSection
	GlobalSection(SolutionProperties) = preSolution
		HideSolutionNode = FALSE
	EndGlobalSection
EndGlobal
