
Microsoft Visual Studio Solution File, Format Version 10.00
# Visual Studio 2008
Project("{FAE04EC0-301F-11D3-BF4B-00C04F79EFBC}") = "SystemInfo", "SystemInfo\SystemInfo.csproj", "{70822EB1-458B-42D5-A8D3-87136C47CCF4}"
EndProject
Global
	GlobalSection(SolutionConfigurationPlatforms) = preSolution
		Debug|Any CPU = Debug|Any CPU
		Release|Any CPU = Release|Any CPU
	EndGlobalSection
	GlobalSection(ProjectConfigurationPlatforms) = postSolution
		{70822EB1-458B-42D5-A8D3-87136C47CCF4}.Debug|Any CPU.ActiveCfg = Debug|Any CPU
		{70822EB1-458B-42D5-A8D3-87136C47CCF4}.Debug|Any CPU.Build.0 = Debug|Any CPU
		{70822EB1-458B-42D5-A8D3-87136C47CCF4}.Release|Any CPU.ActiveCfg = Release|Any CPU
		{70822EB1-458B-42D5-A8D3-87136C47CCF4}.Release|Any CPU.Build.0 = Release|Any CPU
	EndGlobalSection
	GlobalSection(SolutionProperties) = preSolution
		HideSolutionNode = FALSE
	EndGlobalSection
EndGlobal
