
Microsoft Visual Studio Solution File, Format Version 10.00
# Visual C# Express 2008
Project("{FAE04EC0-301F-11D3-BF4B-00C04F79EFBC}") = "udEmpPayrollDeclaration", "udEmpPayrollDeclaration\udEmpPayrollDeclaration.csproj", "{99801D3F-FB85-47AE-948D-8E28CDFA4200}"
EndProject
Global
	GlobalSection(SolutionConfigurationPlatforms) = preSolution
		Debug|Any CPU = Debug|Any CPU
		Release|Any CPU = Release|Any CPU
	EndGlobalSection
	GlobalSection(ProjectConfigurationPlatforms) = postSolution
		{99801D3F-FB85-47AE-948D-8E28CDFA4200}.Debug|Any CPU.ActiveCfg = Debug|Any CPU
		{99801D3F-FB85-47AE-948D-8E28CDFA4200}.Debug|Any CPU.Build.0 = Debug|Any CPU
		{99801D3F-FB85-47AE-948D-8E28CDFA4200}.Release|Any CPU.ActiveCfg = Release|Any CPU
		{99801D3F-FB85-47AE-948D-8E28CDFA4200}.Release|Any CPU.Build.0 = Release|Any CPU
	EndGlobalSection
	GlobalSection(SolutionProperties) = preSolution
		HideSolutionNode = FALSE
	EndGlobalSection
EndGlobal
