
Microsoft Visual Studio Solution File, Format Version 10.00
# Visual Studio 2008
Project("{FAE04EC0-301F-11D3-BF4B-00C04F79EFBC}") = "Cost_Centre_master", "Cost_centre_master\Cost_Centre_master.csproj", "{8CBBC400-30C6-4267-B6E1-36BD4CF3733F}"
EndProject
Global
	GlobalSection(SolutionConfigurationPlatforms) = preSolution
		Debug|Any CPU = Debug|Any CPU
		Release|Any CPU = Release|Any CPU
	EndGlobalSection
	GlobalSection(ProjectConfigurationPlatforms) = postSolution
		{8CBBC400-30C6-4267-B6E1-36BD4CF3733F}.Debug|Any CPU.ActiveCfg = Debug|Any CPU
		{8CBBC400-30C6-4267-B6E1-36BD4CF3733F}.Debug|Any CPU.Build.0 = Debug|Any CPU
		{8CBBC400-30C6-4267-B6E1-36BD4CF3733F}.Release|Any CPU.ActiveCfg = Release|Any CPU
		{8CBBC400-30C6-4267-B6E1-36BD4CF3733F}.Release|Any CPU.Build.0 = Release|Any CPU
	EndGlobalSection
	GlobalSection(SolutionProperties) = preSolution
		HideSolutionNode = FALSE
	EndGlobalSection
EndGlobal
